# THIS IS AN AUTOGENERATED FILE. DO NOT EDIT THIS FILE DIRECTLY.
# yarn lockfile v1


asynckit@^0.4.0:
  version "0.4.0"
  resolved "https://registry.npmmirror.com/asynckit/-/asynckit-0.4.0.tgz#c79ed97f7f34cb8f2ba1bc9790bcc366474b4b79"
  integrity sha512-Oei9OH4tRh0YqU3GxhX79dM/mwVgvbZJaSNaRk+bshkj0S5cfHcgYakreBjrHwatXKbz+IoIdYLxrKim2MjW0Q==

"packageTest@file:packageTest-1.0.4.tgz":
  version "1.0.4"
  resolved "file:packageTest-1.0.4.tgz#ada3ea6925964bf8fb05fd082dbef0880bf00e80"
  dependencies:
    asynckit "^0.4.0"
